// !$*UTF8*$!
{
	archiveVersion = 1;
	classes = {
	};
	objectVersion = 46;
	objects = {

/* Begin PBXBuildFile section */
		9C7D30DB1A0573260029FB2C /* AppDelegate.swift in Sources */ = {isa = PBXBuildFile; fileRef = 9C7D30DA1A0573260029FB2C /* AppDelegate.swift */; };
		9C7D30DD1A0573260029FB2C /* ViewController.swift in Sources */ = {isa = PBXBuildFile; fileRef = 9C7D30DC1A0573260029FB2C /* ViewController.swift */; };
		9C7D30E01A0573260029FB2C /* Main.storyboard in Resources */ = {isa = PBXBuildFile; fileRef = 9C7D30DE1A0573260029FB2C /* Main.storyboard */; };
		9C7D30E21A0573260029FB2C /* Images.xcassets in Resources */ = {isa = PBXBuildFile; fileRef = 9C7D30E11A0573260029FB2C /* Images.xcassets */; };
		9C7D30E51A0573260029FB2C /* LaunchScreen.xib in Resources */ = {isa = PBXBuildFile; fileRef = 9C7D30E31A0573260029FB2C /* LaunchScreen.xib */; };
		9C9FD7B81A057699001230FE /* UIKit.framework in Frameworks */ = {isa = PBXBuildFile; fileRef = 9C9FD7B71A057699001230FE /* UIKit.framework */; };
/* End PBXBuildFile section */

/* Begin PBXFileReference section */
		9C7D30D51A0573260029FB2C /* SouthPoleFun.app */ = {isa = PBXFileReference; explicitFileType = wrapper.application; includeInIndex = 0; path = SouthPoleFun.app; sourceTree = BUILT_PRODUCTS_DIR; };
		9C7D30D91A0573260029FB2C /* Info.plist */ = {isa = PBXFileReference; lastKnownFileType = text.plist.xml; path = Info.plist; sourceTree = "<group>"; };
		9C7D30DA1A0573260029FB2C /* AppDelegate.swift */ = {isa = PBXFileReference; lastKnownFileType = sourcecode.swift; path = AppDelegate.swift; sourceTree = "<group>"; };
		9C7D30DC1A0573260029FB2C /* ViewController.swift */ = {isa = PBXFileReference; lastKnownFileType = sourcecode.swift; path = ViewController.swift; sourceTree = "<group>"; };
		9C7D30DF1A0573260029FB2C /* Base */ = {isa = PBXFileReference; lastKnownFileType = file.storyboard; name = Base; path = Base.lproj/Main.storyboard; sourceTree = "<group>"; };
		9C7D30E11A0573260029FB2C /* Images.xcassets */ = {isa = PBXFileReference; lastKnownFileType = folder.assetcatalog; path = Images.xcassets; sourceTree = "<group>"; };
		9C7D30E41A0573260029FB2C /* Base */ = {isa = PBXFileReference; lastKnownFileType = file.xib; name = Base; path = Base.lproj/LaunchScreen.xib; sourceTree = "<group>"; };
		9C9FD7B71A057699001230FE /* UIKit.framework */ = {isa = PBXFileReference; lastKnownFileType = wrapper.framework; name = UIKit.framework; path = System/Library/Frameworks/UIKit.framework; sourceTree = SDKROOT; };
/* End PBXFileReference section */

/* Begin PBXFrameworksBuildPhase section */
		9C7D30D21A0573260029FB2C /* Frameworks */ = {
			isa = PBXFrameworksBuildPhase;
			buildActionMask = 2147483647;
			files = (
				9C9FD7B81A057699001230FE /* UIKit.framework in Frameworks */,
			);
			runOnlyForDeploymentPostprocessing = 0;
		};
/* End PBXFrameworksBuildPhase section */

/* Begin PBXGroup section */
		9C7D30CC1A0573260029FB2C = {
			isa = PBXGroup;
			children = (
				9C7D30D71A0573260029FB2C /* SouthPoleFun */,
				9C7D30D61A0573260029FB2C /* Products */,
			);
			sourceTree = "<group>";
		};
		9C7D30D61A0573260029FB2C /* Products */ = {
			isa = PBXGroup;
			children = (
				9C7D30D51A0573260029FB2C /* SouthPoleFun.app */,
			);
			name = Products;
			sourceTree = "<group>";
		};
		9C7D30D71A0573260029FB2C /* SouthPoleFun */ = {
			isa = PBXGroup;
			children = (
				9C7D30DA1A0573260029FB2C /* AppDelegate.swift */,
				9C7D30DC1A0573260029FB2C /* ViewController.swift */,
				9C7D30DE1A0573260029FB2C /* Main.storyboard */,
				9C7D30E11A0573260029FB2C /* Images.xcassets */,
				9C7D30E31A0573260029FB2C /* LaunchScreen.xib */,
				9C7D30D81A0573260029FB2C /* Supporting Files */,
			);
			path = SouthPoleFun;
			sourceTree = "<group>";
		};
		9C7D30D81A0573260029FB2C /* Supporting Files */ = {
			isa = PBXGroup;
			children = (
				9C9FD7B71A057699001230FE /* UIKit.framework */,
				9C7D30D91A0573260029FB2C /* Info.plist */,
			);
			name = "Supporting Files";
			sourceTree = "<group>";
		};
/* End PBXGroup section */

/* Begin PBXNativeTarget section */
		9C7D30D41A0573260029FB2C /* SouthPoleFun */ = {
			isa = PBXNativeTarget;
			buildConfigurationList = 9C7D30F41A0573260029FB2C /* Build configuration list for PBXNativeTarget "SouthPoleFun" */;
			buildPhases = (
				9C7D30D11A0573260029FB2C /* Sources */,
				9C7D30D21A0573260029FB2C /* Frameworks */,
				9C7D30D31A0573260029FB2C /* Resources */,
			);
			buildRules = (
			);
			dependencies = (
			);
			name = SouthPoleFun;
			productName = SouthPoleFun;
			productReference = 9C7D30D51A0573260029FB2C /* SouthPoleFun.app */;
			productType = "com.apple.product-type.application";
		};
/* End PBXNativeTarget section */

/* Begin PBXProject section */
		9C7D30CD1A0573260029FB2C /* Project object */ = {
			isa = PBXProject;
			attributes = {
				LastSwiftUpdateCheck = 0700;
				LastUpgradeCheck = 0610;
				ORGANIZATIONNAME = "Underplot ltd";
				TargetAttributes = {
					9C7D30D41A0573260029FB2C = {
						CreatedOnToolsVersion = 6.1;
						LastSwiftMigration = 0830;
					};
				};
			};
			buildConfigurationList = 9C7D30D01A0573260029FB2C /* Build configuration list for PBXProject "SouthPoleFun" */;
			compatibilityVersion = "Xcode 3.2";
			developmentRegion = English;
			hasScannedForEncodings = 0;
			knownRegions = (
				en,
				Base,
			);
			mainGroup = 9C7D30CC1A0573260029FB2C;
			productRefGroup = 9C7D30D61A0573260029FB2C /* Products */;
			projectDirPath = "";
			projectRoot = "";
			targets = (
				9C7D30D41A0573260029FB2C /* SouthPoleFun */,
			);
		};
/* End PBXProject section */

/* Begin PBXResourcesBuildPhase section */
		9C7D30D31A0573260029FB2C /* Resources */ = {
			isa = PBXResourcesBuildPhase;
			buildActionMask = 2147483647;
			files = (
				9C7D30E01A0573260029FB2C /* Main.storyboard in Resources */,
				9C7D30E51A0573260029FB2C /* LaunchScreen.xib in Resources */,
				9C7D30E21A0573260029FB2C /* Images.xcassets in Resources */,
			);
			runOnlyForDeploymentPostprocessing = 0;
		};
/* End PBXResourcesBuildPhase section */

/* Begin PBXSourcesBuildPhase section */
		9C7D30D11A0573260029FB2C /* Sources */ = {
			isa = PBXSourcesBuildPhase;
			buildActionMask = 2147483647;
			files = (
				9C7D30DD1A0573260029FB2C /* ViewController.swift in Sources */,
				9C7D30DB1A0573260029FB2C /* AppDelegate.swift in Sources */,
			);
			runOnlyForDeploymentPostprocessing = 0;
		};
/* End PBXSourcesBuildPhase section */

/* Begin PBXVariantGroup section */
		9C7D30DE1A0573260029FB2C /* Main.storyboard */ = {
			isa = PBXVariantGroup;
			children = (
				9C7D30DF1A0573260029FB2C /* Base */,
			);
			name = Main.storyboard;
			sourceTree = "<group>";
		};
		9C7D30E31A0573260029FB2C /* LaunchScreen.xib */ = {
			isa = PBXVariantGroup;
			children = (
				9C7D30E41A0573260029FB2C /* Base */,
			);
			name = LaunchScreen.xib;
			sourceTree = "<group>";
		};
/* End PBXVariantGroup section */

/* Begin XCBuildConfiguration section */
		9C7D30F21A0573260029FB2C /* Debug */ = {
			isa = XCBuildConfiguration;
			buildSettings = {
				ALWAYS_SEARCH_USER_PATHS = NO;
				CLANG_CXX_LANGUAGE_STANDARD = "gnu++0x";
				CLANG_CXX_LIBRARY = "libc++";
				CLANG_ENABLE_MODULES = YES;
				CLANG_ENABLE_OBJC_ARC = YES;
				CLANG_WARN_BOOL_CONVERSION = YES;
				CLANG_WARN_CONSTANT_CONVERSION = YES;
				CLANG_WARN_DIRECT_OBJC_ISA_USAGE = YES_ERROR;
				CLANG_WARN_EMPTY_BODY = YES;
				CLANG_WARN_ENUM_CONVERSION = YES;
				CLANG_WARN_INT_CONVERSION = YES;
				CLANG_WARN_OBJC_ROOT_CLASS = YES_ERROR;
				CLANG_WARN_UNREACHABLE_CODE = YES;
				CLANG_WARN__DUPLICATE_METHOD_MATCH = YES;
				"CODE_SIGN_IDENTITY[sdk=iphoneos*]" = "iPhone Developer";
				COPY_PHASE_STRIP = NO;
				ENABLE_STRICT_OBJC_MSGSEND = YES;
				GCC_C_LANGUAGE_STANDARD = gnu99;
				GCC_DYNAMIC_NO_PIC = NO;
				GCC_OPTIMIZATION_LEVEL = 0;
				GCC_PREPROCESSOR_DEFINITIONS = (
					"DEBUG=1",
					"$(inherited)",
				);
				GCC_SYMBOLS_PRIVATE_EXTERN = NO;
				GCC_WARN_64_TO_32_BIT_CONVERSION = YES;
				GCC_WARN_ABOUT_RETURN_TYPE = YES_ERROR;
				GCC_WARN_UNDECLARED_SELECTOR = YES;
				GCC_WARN_UNINITIALIZED_AUTOS = YES_AGGRESSIVE;
				GCC_WARN_UNUSED_FUNCTION = YES;
				GCC_WARN_UNUSED_VARIABLE = YES;
				IPHONEOS_DEPLOYMENT_TARGET = 8.1;
				MTL_ENABLE_DEBUG_INFO = YES;
				ONLY_ACTIVE_ARCH = YES;
				SDKROOT = iphoneos;
				SWIFT_OPTIMIZATION_LEVEL = "-Onone";
			};
			name = Debug;
		};
		9C7D30F31A0573260029FB2C /* Release */ = {
			isa = XCBuildConfiguration;
			buildSettings = {
				ALWAYS_SEARCH_USER_PATHS = NO;
				CLANG_CXX_LANGUAGE_STANDARD = "gnu++0x";
				CLANG_CXX_LIBRARY = "libc++";
				CLANG_ENABLE_MODULES = YES;
				CLANG_ENABLE_OBJC_ARC = YES;
				CLANG_WARN_BOOL_CONVERSION = YES;
				CLANG_WARN_CONSTANT_CONVERSION = YES;
				CLANG_WARN_DIRECT_OBJC_ISA_USAGE = YES_ERROR;
				CLANG_WARN_EMPTY_BODY = YES;
				CLANG_WARN_ENUM_CONVERSION = YES;
				CLANG_WARN_INT_CONVERSION = YES;
				CLANG_WARN_OBJC_ROOT_CLASS = YES_ERROR;
				CLANG_WARN_UNREACHABLE_CODE = YES;
				CLANG_WARN__DUPLICATE_METHOD_MATCH = YES;
				"CODE_SIGN_IDENTITY[sdk=iphoneos*]" = "iPhone Developer";
				COPY_PHASE_STRIP = YES;
				ENABLE_NS_ASSERTIONS = NO;
				ENABLE_STRICT_OBJC_MSGSEND = YES;
				GCC_C_LANGUAGE_STANDARD = gnu99;
				GCC_WARN_64_TO_32_BIT_CONVERSION = YES;
				GCC_WARN_ABOUT_RETURN_TYPE = YES_ERROR;
				GCC_WARN_UNDECLARED_SELECTOR = YES;
				GCC_WARN_UNINITIALIZED_AUTOS = YES_AGGRESSIVE;
				GCC_WARN_UNUSED_FUNCTION = YES;
				GCC_WARN_UNUSED_VARIABLE = YES;
				IPHONEOS_DEPLOYMENT_TARGET = 8.1;
				MTL_ENABLE_DEBUG_INFO = NO;
				SDKROOT = iphoneos;
				VALIDATE_PRODUCT = YES;
			};
			name = Release;
		};
		9C7D30F51A0573260029FB2C /* Debug */ = {
			isa = XCBuildConfiguration;
			buildSettings = {
				ASSETCATALOG_COMPILER_APPICON_NAME = AppIcon;
				INFOPLIST_FILE = SouthPoleFun/Info.plist;
				IPHONEOS_DEPLOYMENT_TARGET = 9.0;
				LD_RUNPATH_SEARCH_PATHS = "$(inherited) @executable_path/Frameworks";
				PRODUCT_NAME = "$(TARGET_NAME)";
				SWIFT_VERSION = 3.0;
			};
			name = Debug;
		};
		9C7D30F61A0573260029FB2C /* Release */ = {
			isa = XCBuildConfiguration;
			buildSettings = {
				ASSETCATALOG_COMPILER_APPICON_NAME = AppIcon;
				INFOPLIST_FILE = SouthPoleFun/Info.plist;
				IPHONEOS_DEPLOYMENT_TARGET = 9.0;
				LD_RUNPATH_SEARCH_PATHS = "$(inherited) @executable_path/Frameworks";
				PRODUCT_NAME = "$(TARGET_NAME)";
				SWIFT_VERSION = 3.0;
			};
			name = Release;
		};
/* End XCBuildConfiguration section */

/* Begin XCConfigurationList section */
		9C7D30D01A0573260029FB2C /* Build configuration list for PBXProject "SouthPoleFun" */ = {
			isa = XCConfigurationList;
			buildConfigurations = (
				9C7D30F21A0573260029FB2C /* Debug */,
				9C7D30F31A0573260029FB2C /* Release */,
			);
			defaultConfigurationIsVisible = 0;
			defaultConfigurationName = Release;
		};
		9C7D30F41A0573260029FB2C /* Build configuration list for PBXNativeTarget "SouthPoleFun" */ = {
			isa = XCConfigurationList;
			buildConfigurations = (
				9C7D30F51A0573260029FB2C /* Debug */,
				9C7D30F61A0573260029FB2C /* Release */,
			);
			defaultConfigurationIsVisible = 0;
			defaultConfigurationName = Release;
		};
/* End XCConfigurationList section */
	};
	rootObject = 9C7D30CD1A0573260029FB2C /* Project object */;
}
