// !$*UTF8*$!
{
	archiveVersion = 1;
	classes = {
	};
	objectVersion = 46;
	objects = {

/* Begin PBXBuildFile section */
		2025981B1BC2135C0079FE1E /* AppDelegate.swift in Sources */ = {isa = PBXBuildFile; fileRef = 2025981A1BC2135C0079FE1E /* AppDelegate.swift */; };
		2025981D1BC2135C0079FE1E /* ViewController.swift in Sources */ = {isa = PBXBuildFile; fileRef = 2025981C1BC2135C0079FE1E /* ViewController.swift */; };
		202598201BC2135C0079FE1E /* Main.storyboard in Resources */ = {isa = PBXBuildFile; fileRef = 2025981E1BC2135C0079FE1E /* Main.storyboard */; };
		202598221BC2135C0079FE1E /* Assets.xcassets in Resources */ = {isa = PBXBuildFile; fileRef = 202598211BC2135C0079FE1E /* Assets.xcassets */; };
		202598251BC2135C0079FE1E /* LaunchScreen.storyboard in Resources */ = {isa = PBXBuildFile; fileRef = 202598231BC2135C0079FE1E /* LaunchScreen.storyboard */; };
		202598301BC2135C0079FE1E /* AnimationDemo10Tests.swift in Sources */ = {isa = PBXBuildFile; fileRef = 2025982F1BC2135C0079FE1E /* AnimationDemo10Tests.swift */; };
		2025983B1BC2135C0079FE1E /* AnimationDemo10UITests.swift in Sources */ = {isa = PBXBuildFile; fileRef = 2025983A1BC2135C0079FE1E /* AnimationDemo10UITests.swift */; };
		202598491BC231B90079FE1E /* UIImage+Extension.swift in Sources */ = {isa = PBXBuildFile; fileRef = 202598481BC231B90079FE1E /* UIImage+Extension.swift */; };
/* End PBXBuildFile section */

/* Begin PBXContainerItemProxy section */
		2025982C1BC2135C0079FE1E /* PBXContainerItemProxy */ = {
			isa = PBXContainerItemProxy;
			containerPortal = 2025980F1BC2135C0079FE1E /* Project object */;
			proxyType = 1;
			remoteGlobalIDString = 202598161BC2135C0079FE1E;
			remoteInfo = AnimationDemo10;
		};
		202598371BC2135C0079FE1E /* PBXContainerItemProxy */ = {
			isa = PBXContainerItemProxy;
			containerPortal = 2025980F1BC2135C0079FE1E /* Project object */;
			proxyType = 1;
			remoteGlobalIDString = 202598161BC2135C0079FE1E;
			remoteInfo = AnimationDemo10;
		};
/* End PBXContainerItemProxy section */

/* Begin PBXFileReference section */
		202598171BC2135C0079FE1E /* AnimationDemo10.app */ = {isa = PBXFileReference; explicitFileType = wrapper.application; includeInIndex = 0; path = AnimationDemo10.app; sourceTree = BUILT_PRODUCTS_DIR; };
		2025981A1BC2135C0079FE1E /* AppDelegate.swift */ = {isa = PBXFileReference; lastKnownFileType = sourcecode.swift; path = AppDelegate.swift; sourceTree = "<group>"; };
		2025981C1BC2135C0079FE1E /* ViewController.swift */ = {isa = PBXFileReference; lastKnownFileType = sourcecode.swift; path = ViewController.swift; sourceTree = "<group>"; };
		2025981F1BC2135C0079FE1E /* Base */ = {isa = PBXFileReference; lastKnownFileType = file.storyboard; name = Base; path = Base.lproj/Main.storyboard; sourceTree = "<group>"; };
		202598211BC2135C0079FE1E /* Assets.xcassets */ = {isa = PBXFileReference; lastKnownFileType = folder.assetcatalog; path = Assets.xcassets; sourceTree = "<group>"; };
		202598241BC2135C0079FE1E /* Base */ = {isa = PBXFileReference; lastKnownFileType = file.storyboard; name = Base; path = Base.lproj/LaunchScreen.storyboard; sourceTree = "<group>"; };
		202598261BC2135C0079FE1E /* Info.plist */ = {isa = PBXFileReference; lastKnownFileType = text.plist.xml; path = Info.plist; sourceTree = "<group>"; };
		2025982B1BC2135C0079FE1E /* AnimationDemo10Tests.xctest */ = {isa = PBXFileReference; explicitFileType = wrapper.cfbundle; includeInIndex = 0; path = AnimationDemo10Tests.xctest; sourceTree = BUILT_PRODUCTS_DIR; };
		2025982F1BC2135C0079FE1E /* AnimationDemo10Tests.swift */ = {isa = PBXFileReference; lastKnownFileType = sourcecode.swift; path = AnimationDemo10Tests.swift; sourceTree = "<group>"; };
		202598311BC2135C0079FE1E /* Info.plist */ = {isa = PBXFileReference; lastKnownFileType = text.plist.xml; path = Info.plist; sourceTree = "<group>"; };
		202598361BC2135C0079FE1E /* AnimationDemo10UITests.xctest */ = {isa = PBXFileReference; explicitFileType = wrapper.cfbundle; includeInIndex = 0; path = AnimationDemo10UITests.xctest; sourceTree = BUILT_PRODUCTS_DIR; };
		2025983A1BC2135C0079FE1E /* AnimationDemo10UITests.swift */ = {isa = PBXFileReference; lastKnownFileType = sourcecode.swift; path = AnimationDemo10UITests.swift; sourceTree = "<group>"; };
		2025983C1BC2135C0079FE1E /* Info.plist */ = {isa = PBXFileReference; lastKnownFileType = text.plist.xml; path = Info.plist; sourceTree = "<group>"; };
		202598481BC231B90079FE1E /* UIImage+Extension.swift */ = {isa = PBXFileReference; fileEncoding = 4; lastKnownFileType = sourcecode.swift; path = "UIImage+Extension.swift"; sourceTree = "<group>"; };
/* End PBXFileReference section */

/* Begin PBXFrameworksBuildPhase section */
		202598141BC2135C0079FE1E /* Frameworks */ = {
			isa = PBXFrameworksBuildPhase;
			buildActionMask = 2147483647;
			files = (
			);
			runOnlyForDeploymentPostprocessing = 0;
		};
		202598281BC2135C0079FE1E /* Frameworks */ = {
			isa = PBXFrameworksBuildPhase;
			buildActionMask = 2147483647;
			files = (
			);
			runOnlyForDeploymentPostprocessing = 0;
		};
		202598331BC2135C0079FE1E /* Frameworks */ = {
			isa = PBXFrameworksBuildPhase;
			buildActionMask = 2147483647;
			files = (
			);
			runOnlyForDeploymentPostprocessing = 0;
		};
/* End PBXFrameworksBuildPhase section */

/* Begin PBXGroup section */
		2025980E1BC2135C0079FE1E = {
			isa = PBXGroup;
			children = (
				202598191BC2135C0079FE1E /* AnimationDemo10 */,
				2025982E1BC2135C0079FE1E /* AnimationDemo10Tests */,
				202598391BC2135C0079FE1E /* AnimationDemo10UITests */,
				202598181BC2135C0079FE1E /* Products */,
			);
			sourceTree = "<group>";
		};
		202598181BC2135C0079FE1E /* Products */ = {
			isa = PBXGroup;
			children = (
				202598171BC2135C0079FE1E /* AnimationDemo10.app */,
				2025982B1BC2135C0079FE1E /* AnimationDemo10Tests.xctest */,
				202598361BC2135C0079FE1E /* AnimationDemo10UITests.xctest */,
			);
			name = Products;
			sourceTree = "<group>";
		};
		202598191BC2135C0079FE1E /* AnimationDemo10 */ = {
			isa = PBXGroup;
			children = (
				2025981A1BC2135C0079FE1E /* AppDelegate.swift */,
				2025981C1BC2135C0079FE1E /* ViewController.swift */,
				2025981E1BC2135C0079FE1E /* Main.storyboard */,
				202598211BC2135C0079FE1E /* Assets.xcassets */,
				202598481BC231B90079FE1E /* UIImage+Extension.swift */,
				202598231BC2135C0079FE1E /* LaunchScreen.storyboard */,
				202598261BC2135C0079FE1E /* Info.plist */,
			);
			path = AnimationDemo10;
			sourceTree = "<group>";
		};
		2025982E1BC2135C0079FE1E /* AnimationDemo10Tests */ = {
			isa = PBXGroup;
			children = (
				2025982F1BC2135C0079FE1E /* AnimationDemo10Tests.swift */,
				202598311BC2135C0079FE1E /* Info.plist */,
			);
			path = AnimationDemo10Tests;
			sourceTree = "<group>";
		};
		202598391BC2135C0079FE1E /* AnimationDemo10UITests */ = {
			isa = PBXGroup;
			children = (
				2025983A1BC2135C0079FE1E /* AnimationDemo10UITests.swift */,
				2025983C1BC2135C0079FE1E /* Info.plist */,
			);
			path = AnimationDemo10UITests;
			sourceTree = "<group>";
		};
/* End PBXGroup section */

/* Begin PBXNativeTarget section */
		202598161BC2135C0079FE1E /* AnimationDemo10 */ = {
			isa = PBXNativeTarget;
			buildConfigurationList = 2025983F1BC2135C0079FE1E /* Build configuration list for PBXNativeTarget "AnimationDemo10" */;
			buildPhases = (
				202598131BC2135C0079FE1E /* Sources */,
				202598141BC2135C0079FE1E /* Frameworks */,
				202598151BC2135C0079FE1E /* Resources */,
			);
			buildRules = (
			);
			dependencies = (
			);
			name = AnimationDemo10;
			productName = AnimationDemo10;
			productReference = 202598171BC2135C0079FE1E /* AnimationDemo10.app */;
			productType = "com.apple.product-type.application";
		};
		2025982A1BC2135C0079FE1E /* AnimationDemo10Tests */ = {
			isa = PBXNativeTarget;
			buildConfigurationList = 202598421BC2135C0079FE1E /* Build configuration list for PBXNativeTarget "AnimationDemo10Tests" */;
			buildPhases = (
				202598271BC2135C0079FE1E /* Sources */,
				202598281BC2135C0079FE1E /* Frameworks */,
				202598291BC2135C0079FE1E /* Resources */,
			);
			buildRules = (
			);
			dependencies = (
				2025982D1BC2135C0079FE1E /* PBXTargetDependency */,
			);
			name = AnimationDemo10Tests;
			productName = AnimationDemo10Tests;
			productReference = 2025982B1BC2135C0079FE1E /* AnimationDemo10Tests.xctest */;
			productType = "com.apple.product-type.bundle.unit-test";
		};
		202598351BC2135C0079FE1E /* AnimationDemo10UITests */ = {
			isa = PBXNativeTarget;
			buildConfigurationList = 202598451BC2135C0079FE1E /* Build configuration list for PBXNativeTarget "AnimationDemo10UITests" */;
			buildPhases = (
				202598321BC2135C0079FE1E /* Sources */,
				202598331BC2135C0079FE1E /* Frameworks */,
				202598341BC2135C0079FE1E /* Resources */,
			);
			buildRules = (
			);
			dependencies = (
				202598381BC2135C0079FE1E /* PBXTargetDependency */,
			);
			name = AnimationDemo10UITests;
			productName = AnimationDemo10UITests;
			productReference = 202598361BC2135C0079FE1E /* AnimationDemo10UITests.xctest */;
			productType = "com.apple.product-type.bundle.ui-testing";
		};
/* End PBXNativeTarget section */

/* Begin PBXProject section */
		2025980F1BC2135C0079FE1E /* Project object */ = {
			isa = PBXProject;
			attributes = {
				LastUpgradeCheck = 0700;
				ORGANIZATIONNAME = duzhe;
				TargetAttributes = {
					202598161BC2135C0079FE1E = {
						CreatedOnToolsVersion = 7.0;
						DevelopmentTeam = ZNRTL68XQ3;
						LastSwiftMigration = 0830;
					};
					2025982A1BC2135C0079FE1E = {
						CreatedOnToolsVersion = 7.0;
						LastSwiftMigration = 0830;
						TestTargetID = 202598161BC2135C0079FE1E;
					};
					202598351BC2135C0079FE1E = {
						CreatedOnToolsVersion = 7.0;
						LastSwiftMigration = 0830;
						TestTargetID = 202598161BC2135C0079FE1E;
					};
				};
			};
			buildConfigurationList = 202598121BC2135C0079FE1E /* Build configuration list for PBXProject "AnimationDemo10" */;
			compatibilityVersion = "Xcode 3.2";
			developmentRegion = English;
			hasScannedForEncodings = 0;
			knownRegions = (
				en,
				Base,
			);
			mainGroup = 2025980E1BC2135C0079FE1E;
			productRefGroup = 202598181BC2135C0079FE1E /* Products */;
			projectDirPath = "";
			projectRoot = "";
			targets = (
				202598161BC2135C0079FE1E /* AnimationDemo10 */,
				2025982A1BC2135C0079FE1E /* AnimationDemo10Tests */,
				202598351BC2135C0079FE1E /* AnimationDemo10UITests */,
			);
		};
/* End PBXProject section */

/* Begin PBXResourcesBuildPhase section */
		202598151BC2135C0079FE1E /* Resources */ = {
			isa = PBXResourcesBuildPhase;
			buildActionMask = 2147483647;
			files = (
				202598251BC2135C0079FE1E /* LaunchScreen.storyboard in Resources */,
				202598221BC2135C0079FE1E /* Assets.xcassets in Resources */,
				202598201BC2135C0079FE1E /* Main.storyboard in Resources */,
			);
			runOnlyForDeploymentPostprocessing = 0;
		};
		202598291BC2135C0079FE1E /* Resources */ = {
			isa = PBXResourcesBuildPhase;
			buildActionMask = 2147483647;
			files = (
			);
			runOnlyForDeploymentPostprocessing = 0;
		};
		202598341BC2135C0079FE1E /* Resources */ = {
			isa = PBXResourcesBuildPhase;
			buildActionMask = 2147483647;
			files = (
			);
			runOnlyForDeploymentPostprocessing = 0;
		};
/* End PBXResourcesBuildPhase section */

/* Begin PBXSourcesBuildPhase section */
		202598131BC2135C0079FE1E /* Sources */ = {
			isa = PBXSourcesBuildPhase;
			buildActionMask = 2147483647;
			files = (
				202598491BC231B90079FE1E /* UIImage+Extension.swift in Sources */,
				2025981D1BC2135C0079FE1E /* ViewController.swift in Sources */,
				2025981B1BC2135C0079FE1E /* AppDelegate.swift in Sources */,
			);
			runOnlyForDeploymentPostprocessing = 0;
		};
		202598271BC2135C0079FE1E /* Sources */ = {
			isa = PBXSourcesBuildPhase;
			buildActionMask = 2147483647;
			files = (
				202598301BC2135C0079FE1E /* AnimationDemo10Tests.swift in Sources */,
			);
			runOnlyForDeploymentPostprocessing = 0;
		};
		202598321BC2135C0079FE1E /* Sources */ = {
			isa = PBXSourcesBuildPhase;
			buildActionMask = 2147483647;
			files = (
				2025983B1BC2135C0079FE1E /* AnimationDemo10UITests.swift in Sources */,
			);
			runOnlyForDeploymentPostprocessing = 0;
		};
/* End PBXSourcesBuildPhase section */

/* Begin PBXTargetDependency section */
		2025982D1BC2135C0079FE1E /* PBXTargetDependency */ = {
			isa = PBXTargetDependency;
			target = 202598161BC2135C0079FE1E /* AnimationDemo10 */;
			targetProxy = 2025982C1BC2135C0079FE1E /* PBXContainerItemProxy */;
		};
		202598381BC2135C0079FE1E /* PBXTargetDependency */ = {
			isa = PBXTargetDependency;
			target = 202598161BC2135C0079FE1E /* AnimationDemo10 */;
			targetProxy = 202598371BC2135C0079FE1E /* PBXContainerItemProxy */;
		};
/* End PBXTargetDependency section */

/* Begin PBXVariantGroup section */
		2025981E1BC2135C0079FE1E /* Main.storyboard */ = {
			isa = PBXVariantGroup;
			children = (
				2025981F1BC2135C0079FE1E /* Base */,
			);
			name = Main.storyboard;
			sourceTree = "<group>";
		};
		202598231BC2135C0079FE1E /* LaunchScreen.storyboard */ = {
			isa = PBXVariantGroup;
			children = (
				202598241BC2135C0079FE1E /* Base */,
			);
			name = LaunchScreen.storyboard;
			sourceTree = "<group>";
		};
/* End PBXVariantGroup section */

/* Begin XCBuildConfiguration section */
		2025983D1BC2135C0079FE1E /* Debug */ = {
			isa = XCBuildConfiguration;
			buildSettings = {
				ALWAYS_SEARCH_USER_PATHS = NO;
				CLANG_CXX_LANGUAGE_STANDARD = "gnu++0x";
				CLANG_CXX_LIBRARY = "libc++";
				CLANG_ENABLE_MODULES = YES;
				CLANG_ENABLE_OBJC_ARC = YES;
				CLANG_WARN_BOOL_CONVERSION = YES;
				CLANG_WARN_CONSTANT_CONVERSION = YES;
				CLANG_WARN_DIRECT_OBJC_ISA_USAGE = YES_ERROR;
				CLANG_WARN_EMPTY_BODY = YES;
				CLANG_WARN_ENUM_CONVERSION = YES;
				CLANG_WARN_INT_CONVERSION = YES;
				CLANG_WARN_OBJC_ROOT_CLASS = YES_ERROR;
				CLANG_WARN_UNREACHABLE_CODE = YES;
				CLANG_WARN__DUPLICATE_METHOD_MATCH = YES;
				"CODE_SIGN_IDENTITY[sdk=iphoneos*]" = "iPhone Developer";
				COPY_PHASE_STRIP = NO;
				DEBUG_INFORMATION_FORMAT = dwarf;
				ENABLE_STRICT_OBJC_MSGSEND = YES;
				ENABLE_TESTABILITY = YES;
				GCC_C_LANGUAGE_STANDARD = gnu99;
				GCC_DYNAMIC_NO_PIC = NO;
				GCC_NO_COMMON_BLOCKS = YES;
				GCC_OPTIMIZATION_LEVEL = 0;
				GCC_PREPROCESSOR_DEFINITIONS = (
					"DEBUG=1",
					"$(inherited)",
				);
				GCC_WARN_64_TO_32_BIT_CONVERSION = YES;
				GCC_WARN_ABOUT_RETURN_TYPE = YES_ERROR;
				GCC_WARN_UNDECLARED_SELECTOR = YES;
				GCC_WARN_UNINITIALIZED_AUTOS = YES_AGGRESSIVE;
				GCC_WARN_UNUSED_FUNCTION = YES;
				GCC_WARN_UNUSED_VARIABLE = YES;
				IPHONEOS_DEPLOYMENT_TARGET = 9.0;
				MTL_ENABLE_DEBUG_INFO = YES;
				ONLY_ACTIVE_ARCH = YES;
				SDKROOT = iphoneos;
				SWIFT_OPTIMIZATION_LEVEL = "-Onone";
			};
			name = Debug;
		};
		2025983E1BC2135C0079FE1E /* Release */ = {
			isa = XCBuildConfiguration;
			buildSettings = {
				ALWAYS_SEARCH_USER_PATHS = NO;
				CLANG_CXX_LANGUAGE_STANDARD = "gnu++0x";
				CLANG_CXX_LIBRARY = "libc++";
				CLANG_ENABLE_MODULES = YES;
				CLANG_ENABLE_OBJC_ARC = YES;
				CLANG_WARN_BOOL_CONVERSION = YES;
				CLANG_WARN_CONSTANT_CONVERSION = YES;
				CLANG_WARN_DIRECT_OBJC_ISA_USAGE = YES_ERROR;
				CLANG_WARN_EMPTY_BODY = YES;
				CLANG_WARN_ENUM_CONVERSION = YES;
				CLANG_WARN_INT_CONVERSION = YES;
				CLANG_WARN_OBJC_ROOT_CLASS = YES_ERROR;
				CLANG_WARN_UNREACHABLE_CODE = YES;
				CLANG_WARN__DUPLICATE_METHOD_MATCH = YES;
				"CODE_SIGN_IDENTITY[sdk=iphoneos*]" = "iPhone Developer";
				COPY_PHASE_STRIP = NO;
				DEBUG_INFORMATION_FORMAT = "dwarf-with-dsym";
				ENABLE_NS_ASSERTIONS = NO;
				ENABLE_STRICT_OBJC_MSGSEND = YES;
				GCC_C_LANGUAGE_STANDARD = gnu99;
				GCC_NO_COMMON_BLOCKS = YES;
				GCC_WARN_64_TO_32_BIT_CONVERSION = YES;
				GCC_WARN_ABOUT_RETURN_TYPE = YES_ERROR;
				GCC_WARN_UNDECLARED_SELECTOR = YES;
				GCC_WARN_UNINITIALIZED_AUTOS = YES_AGGRESSIVE;
				GCC_WARN_UNUSED_FUNCTION = YES;
				GCC_WARN_UNUSED_VARIABLE = YES;
				IPHONEOS_DEPLOYMENT_TARGET = 9.0;
				MTL_ENABLE_DEBUG_INFO = NO;
				SDKROOT = iphoneos;
				VALIDATE_PRODUCT = YES;
			};
			name = Release;
		};
		202598401BC2135C0079FE1E /* Debug */ = {
			isa = XCBuildConfiguration;
			buildSettings = {
				ASSETCATALOG_COMPILER_APPICON_NAME = AppIcon;
				CODE_SIGN_IDENTITY = "iPhone Developer";
				INFOPLIST_FILE = AnimationDemo10/Info.plist;
				LD_RUNPATH_SEARCH_PATHS = "$(inherited) @executable_path/Frameworks";
				PRODUCT_BUNDLE_IDENTIFIER = dz.org.AnimationDemo10;
				PRODUCT_NAME = "$(TARGET_NAME)";
				SWIFT_VERSION = 3.0;
			};
			name = Debug;
		};
		202598411BC2135C0079FE1E /* Release */ = {
			isa = XCBuildConfiguration;
			buildSettings = {
				ASSETCATALOG_COMPILER_APPICON_NAME = AppIcon;
				CODE_SIGN_IDENTITY = "iPhone Developer";
				INFOPLIST_FILE = AnimationDemo10/Info.plist;
				LD_RUNPATH_SEARCH_PATHS = "$(inherited) @executable_path/Frameworks";
				PRODUCT_BUNDLE_IDENTIFIER = dz.org.AnimationDemo10;
				PRODUCT_NAME = "$(TARGET_NAME)";
				SWIFT_VERSION = 3.0;
			};
			name = Release;
		};
		202598431BC2135C0079FE1E /* Debug */ = {
			isa = XCBuildConfiguration;
			buildSettings = {
				BUNDLE_LOADER = "$(TEST_HOST)";
				INFOPLIST_FILE = AnimationDemo10Tests/Info.plist;
				LD_RUNPATH_SEARCH_PATHS = "$(inherited) @executable_path/Frameworks @loader_path/Frameworks";
				PRODUCT_BUNDLE_IDENTIFIER = dz.org.AnimationDemo10Tests;
				PRODUCT_NAME = "$(TARGET_NAME)";
				SWIFT_VERSION = 3.0;
				TEST_HOST = "$(BUILT_PRODUCTS_DIR)/AnimationDemo10.app/AnimationDemo10";
			};
			name = Debug;
		};
		202598441BC2135C0079FE1E /* Release */ = {
			isa = XCBuildConfiguration;
			buildSettings = {
				BUNDLE_LOADER = "$(TEST_HOST)";
				INFOPLIST_FILE = AnimationDemo10Tests/Info.plist;
				LD_RUNPATH_SEARCH_PATHS = "$(inherited) @executable_path/Frameworks @loader_path/Frameworks";
				PRODUCT_BUNDLE_IDENTIFIER = dz.org.AnimationDemo10Tests;
				PRODUCT_NAME = "$(TARGET_NAME)";
				SWIFT_VERSION = 3.0;
				TEST_HOST = "$(BUILT_PRODUCTS_DIR)/AnimationDemo10.app/AnimationDemo10";
			};
			name = Release;
		};
		202598461BC2135C0079FE1E /* Debug */ = {
			isa = XCBuildConfiguration;
			buildSettings = {
				INFOPLIST_FILE = AnimationDemo10UITests/Info.plist;
				LD_RUNPATH_SEARCH_PATHS = "$(inherited) @executable_path/Frameworks @loader_path/Frameworks";
				PRODUCT_BUNDLE_IDENTIFIER = dz.org.AnimationDemo10UITests;
				PRODUCT_NAME = "$(TARGET_NAME)";
				SWIFT_VERSION = 3.0;
				TEST_TARGET_NAME = AnimationDemo10;
				USES_XCTRUNNER = YES;
			};
			name = Debug;
		};
		202598471BC2135C0079FE1E /* Release */ = {
			isa = XCBuildConfiguration;
			buildSettings = {
				INFOPLIST_FILE = AnimationDemo10UITests/Info.plist;
				LD_RUNPATH_SEARCH_PATHS = "$(inherited) @executable_path/Frameworks @loader_path/Frameworks";
				PRODUCT_BUNDLE_IDENTIFIER = dz.org.AnimationDemo10UITests;
				PRODUCT_NAME = "$(TARGET_NAME)";
				SWIFT_VERSION = 3.0;
				TEST_TARGET_NAME = AnimationDemo10;
				USES_XCTRUNNER = YES;
			};
			name = Release;
		};
/* End XCBuildConfiguration section */

/* Begin XCConfigurationList section */
		202598121BC2135C0079FE1E /* Build configuration list for PBXProject "AnimationDemo10" */ = {
			isa = XCConfigurationList;
			buildConfigurations = (
				2025983D1BC2135C0079FE1E /* Debug */,
				2025983E1BC2135C0079FE1E /* Release */,
			);
			defaultConfigurationIsVisible = 0;
			defaultConfigurationName = Release;
		};
		2025983F1BC2135C0079FE1E /* Build configuration list for PBXNativeTarget "AnimationDemo10" */ = {
			isa = XCConfigurationList;
			buildConfigurations = (
				202598401BC2135C0079FE1E /* Debug */,
				202598411BC2135C0079FE1E /* Release */,
			);
			defaultConfigurationIsVisible = 0;
			defaultConfigurationName = Release;
		};
		202598421BC2135C0079FE1E /* Build configuration list for PBXNativeTarget "AnimationDemo10Tests" */ = {
			isa = XCConfigurationList;
			buildConfigurations = (
				202598431BC2135C0079FE1E /* Debug */,
				202598441BC2135C0079FE1E /* Release */,
			);
			defaultConfigurationIsVisible = 0;
			defaultConfigurationName = Release;
		};
		202598451BC2135C0079FE1E /* Build configuration list for PBXNativeTarget "AnimationDemo10UITests" */ = {
			isa = XCConfigurationList;
			buildConfigurations = (
				202598461BC2135C0079FE1E /* Debug */,
				202598471BC2135C0079FE1E /* Release */,
			);
			defaultConfigurationIsVisible = 0;
			defaultConfigurationName = Release;
		};
/* End XCConfigurationList section */
	};
	rootObject = 2025980F1BC2135C0079FE1E /* Project object */;
}
