// !$*UTF8*$!
{
	archiveVersion = 1;
	classes = {
	};
	objectVersion = 46;
	objects = {

/* Begin PBXBuildFile section */
		9C14B8161A37990000374DA8 /* AppDelegate.swift in Sources */ = {isa = PBXBuildFile; fileRef = 9C14B8151A37990000374DA8 /* AppDelegate.swift */; };
		9C14B81D1A37990000374DA8 /* Main.storyboard in Resources */ = {isa = PBXBuildFile; fileRef = 9C14B81B1A37990000374DA8 /* Main.storyboard */; };
		9C14B81F1A37990000374DA8 /* Images.xcassets in Resources */ = {isa = PBXBuildFile; fileRef = 9C14B81E1A37990000374DA8 /* Images.xcassets */; };
		9C14B8221A37990000374DA8 /* LaunchScreen.xib in Resources */ = {isa = PBXBuildFile; fileRef = 9C14B8201A37990000374DA8 /* LaunchScreen.xib */; };
		9C54A0461A379B7A009E48D3 /* ViewController.swift in Sources */ = {isa = PBXBuildFile; fileRef = 9C54A0441A379B7A009E48D3 /* ViewController.swift */; };
		9C54A0471A379B7A009E48D3 /* ImageViewCard.swift in Sources */ = {isa = PBXBuildFile; fileRef = 9C54A0451A379B7A009E48D3 /* ImageViewCard.swift */; };
/* End PBXBuildFile section */

/* Begin PBXFileReference section */
		9C14B8101A37990000374DA8 /* ImageGallery.app */ = {isa = PBXFileReference; explicitFileType = wrapper.application; includeInIndex = 0; path = ImageGallery.app; sourceTree = BUILT_PRODUCTS_DIR; };
		9C14B8141A37990000374DA8 /* Info.plist */ = {isa = PBXFileReference; lastKnownFileType = text.plist.xml; path = Info.plist; sourceTree = "<group>"; };
		9C14B8151A37990000374DA8 /* AppDelegate.swift */ = {isa = PBXFileReference; lastKnownFileType = sourcecode.swift; path = AppDelegate.swift; sourceTree = "<group>"; };
		9C14B81C1A37990000374DA8 /* Base */ = {isa = PBXFileReference; lastKnownFileType = file.storyboard; name = Base; path = Base.lproj/Main.storyboard; sourceTree = "<group>"; };
		9C14B81E1A37990000374DA8 /* Images.xcassets */ = {isa = PBXFileReference; lastKnownFileType = folder.assetcatalog; path = Images.xcassets; sourceTree = "<group>"; };
		9C14B8211A37990000374DA8 /* Base */ = {isa = PBXFileReference; lastKnownFileType = file.xib; name = Base; path = Base.lproj/LaunchScreen.xib; sourceTree = "<group>"; };
		9C54A0441A379B7A009E48D3 /* ViewController.swift */ = {isa = PBXFileReference; fileEncoding = 4; lastKnownFileType = sourcecode.swift; path = ViewController.swift; sourceTree = "<group>"; };
		9C54A0451A379B7A009E48D3 /* ImageViewCard.swift */ = {isa = PBXFileReference; fileEncoding = 4; lastKnownFileType = sourcecode.swift; path = ImageViewCard.swift; sourceTree = "<group>"; };
/* End PBXFileReference section */

/* Begin PBXFrameworksBuildPhase section */
		9C14B80D1A37990000374DA8 /* Frameworks */ = {
			isa = PBXFrameworksBuildPhase;
			buildActionMask = 2147483647;
			files = (
			);
			runOnlyForDeploymentPostprocessing = 0;
		};
/* End PBXFrameworksBuildPhase section */

/* Begin PBXGroup section */
		9C14B8071A37990000374DA8 = {
			isa = PBXGroup;
			children = (
				9C14B8121A37990000374DA8 /* ImageGallery */,
				9C14B8111A37990000374DA8 /* Products */,
			);
			sourceTree = "<group>";
		};
		9C14B8111A37990000374DA8 /* Products */ = {
			isa = PBXGroup;
			children = (
				9C14B8101A37990000374DA8 /* ImageGallery.app */,
			);
			name = Products;
			sourceTree = "<group>";
		};
		9C14B8121A37990000374DA8 /* ImageGallery */ = {
			isa = PBXGroup;
			children = (
				9C14B8151A37990000374DA8 /* AppDelegate.swift */,
				9C54A0441A379B7A009E48D3 /* ViewController.swift */,
				9C54A0451A379B7A009E48D3 /* ImageViewCard.swift */,
				9C14B81B1A37990000374DA8 /* Main.storyboard */,
				9C14B81E1A37990000374DA8 /* Images.xcassets */,
				9C14B8201A37990000374DA8 /* LaunchScreen.xib */,
				9C14B8131A37990000374DA8 /* Supporting Files */,
			);
			path = ImageGallery;
			sourceTree = "<group>";
		};
		9C14B8131A37990000374DA8 /* Supporting Files */ = {
			isa = PBXGroup;
			children = (
				9C14B8141A37990000374DA8 /* Info.plist */,
			);
			name = "Supporting Files";
			sourceTree = "<group>";
		};
/* End PBXGroup section */

/* Begin PBXNativeTarget section */
		9C14B80F1A37990000374DA8 /* ImageGallery */ = {
			isa = PBXNativeTarget;
			buildConfigurationList = 9C14B8311A37990000374DA8 /* Build configuration list for PBXNativeTarget "ImageGallery" */;
			buildPhases = (
				9C14B80C1A37990000374DA8 /* Sources */,
				9C14B80D1A37990000374DA8 /* Frameworks */,
				9C14B80E1A37990000374DA8 /* Resources */,
			);
			buildRules = (
			);
			dependencies = (
			);
			name = ImageGallery;
			productName = ImageGallery;
			productReference = 9C14B8101A37990000374DA8 /* ImageGallery.app */;
			productType = "com.apple.product-type.application";
		};
/* End PBXNativeTarget section */

/* Begin PBXProject section */
		9C14B8081A37990000374DA8 /* Project object */ = {
			isa = PBXProject;
			attributes = {
				LastSwiftUpdateCheck = 0700;
				LastUpgradeCheck = 0610;
				ORGANIZATIONNAME = "Razeware LLC";
				TargetAttributes = {
					9C14B80F1A37990000374DA8 = {
						CreatedOnToolsVersion = 6.1.1;
					};
				};
			};
			buildConfigurationList = 9C14B80B1A37990000374DA8 /* Build configuration list for PBXProject "ImageGallery" */;
			compatibilityVersion = "Xcode 3.2";
			developmentRegion = English;
			hasScannedForEncodings = 0;
			knownRegions = (
				en,
				Base,
			);
			mainGroup = 9C14B8071A37990000374DA8;
			productRefGroup = 9C14B8111A37990000374DA8 /* Products */;
			projectDirPath = "";
			projectRoot = "";
			targets = (
				9C14B80F1A37990000374DA8 /* ImageGallery */,
			);
		};
/* End PBXProject section */

/* Begin PBXResourcesBuildPhase section */
		9C14B80E1A37990000374DA8 /* Resources */ = {
			isa = PBXResourcesBuildPhase;
			buildActionMask = 2147483647;
			files = (
				9C14B81D1A37990000374DA8 /* Main.storyboard in Resources */,
				9C14B8221A37990000374DA8 /* LaunchScreen.xib in Resources */,
				9C14B81F1A37990000374DA8 /* Images.xcassets in Resources */,
			);
			runOnlyForDeploymentPostprocessing = 0;
		};
/* End PBXResourcesBuildPhase section */

/* Begin PBXSourcesBuildPhase section */
		9C14B80C1A37990000374DA8 /* Sources */ = {
			isa = PBXSourcesBuildPhase;
			buildActionMask = 2147483647;
			files = (
				9C54A0461A379B7A009E48D3 /* ViewController.swift in Sources */,
				9C14B8161A37990000374DA8 /* AppDelegate.swift in Sources */,
				9C54A0471A379B7A009E48D3 /* ImageViewCard.swift in Sources */,
			);
			runOnlyForDeploymentPostprocessing = 0;
		};
/* End PBXSourcesBuildPhase section */

/* Begin PBXVariantGroup section */
		9C14B81B1A37990000374DA8 /* Main.storyboard */ = {
			isa = PBXVariantGroup;
			children = (
				9C14B81C1A37990000374DA8 /* Base */,
			);
			name = Main.storyboard;
			sourceTree = "<group>";
		};
		9C14B8201A37990000374DA8 /* LaunchScreen.xib */ = {
			isa = PBXVariantGroup;
			children = (
				9C14B8211A37990000374DA8 /* Base */,
			);
			name = LaunchScreen.xib;
			sourceTree = "<group>";
		};
/* End PBXVariantGroup section */

/* Begin XCBuildConfiguration section */
		9C14B82F1A37990000374DA8 /* Debug */ = {
			isa = XCBuildConfiguration;
			buildSettings = {
				ALWAYS_SEARCH_USER_PATHS = NO;
				CLANG_CXX_LANGUAGE_STANDARD = "gnu++0x";
				CLANG_CXX_LIBRARY = "libc++";
				CLANG_ENABLE_MODULES = YES;
				CLANG_ENABLE_OBJC_ARC = YES;
				CLANG_WARN_BOOL_CONVERSION = YES;
				CLANG_WARN_CONSTANT_CONVERSION = YES;
				CLANG_WARN_DIRECT_OBJC_ISA_USAGE = YES_ERROR;
				CLANG_WARN_EMPTY_BODY = YES;
				CLANG_WARN_ENUM_CONVERSION = YES;
				CLANG_WARN_INT_CONVERSION = YES;
				CLANG_WARN_OBJC_ROOT_CLASS = YES_ERROR;
				CLANG_WARN_UNREACHABLE_CODE = YES;
				CLANG_WARN__DUPLICATE_METHOD_MATCH = YES;
				"CODE_SIGN_IDENTITY[sdk=iphoneos*]" = "iPhone Developer";
				COPY_PHASE_STRIP = NO;
				ENABLE_STRICT_OBJC_MSGSEND = YES;
				GCC_C_LANGUAGE_STANDARD = gnu99;
				GCC_DYNAMIC_NO_PIC = NO;
				GCC_OPTIMIZATION_LEVEL = 0;
				GCC_PREPROCESSOR_DEFINITIONS = (
					"DEBUG=1",
					"$(inherited)",
				);
				GCC_SYMBOLS_PRIVATE_EXTERN = NO;
				GCC_WARN_64_TO_32_BIT_CONVERSION = YES;
				GCC_WARN_ABOUT_RETURN_TYPE = YES_ERROR;
				GCC_WARN_UNDECLARED_SELECTOR = YES;
				GCC_WARN_UNINITIALIZED_AUTOS = YES_AGGRESSIVE;
				GCC_WARN_UNUSED_FUNCTION = YES;
				GCC_WARN_UNUSED_VARIABLE = YES;
				IPHONEOS_DEPLOYMENT_TARGET = 8.1;
				MTL_ENABLE_DEBUG_INFO = YES;
				ONLY_ACTIVE_ARCH = YES;
				SDKROOT = iphoneos;
				SWIFT_OPTIMIZATION_LEVEL = "-Onone";
			};
			name = Debug;
		};
		9C14B8301A37990000374DA8 /* Release */ = {
			isa = XCBuildConfiguration;
			buildSettings = {
				ALWAYS_SEARCH_USER_PATHS = NO;
				CLANG_CXX_LANGUAGE_STANDARD = "gnu++0x";
				CLANG_CXX_LIBRARY = "libc++";
				CLANG_ENABLE_MODULES = YES;
				CLANG_ENABLE_OBJC_ARC = YES;
				CLANG_WARN_BOOL_CONVERSION = YES;
				CLANG_WARN_CONSTANT_CONVERSION = YES;
				CLANG_WARN_DIRECT_OBJC_ISA_USAGE = YES_ERROR;
				CLANG_WARN_EMPTY_BODY = YES;
				CLANG_WARN_ENUM_CONVERSION = YES;
				CLANG_WARN_INT_CONVERSION = YES;
				CLANG_WARN_OBJC_ROOT_CLASS = YES_ERROR;
				CLANG_WARN_UNREACHABLE_CODE = YES;
				CLANG_WARN__DUPLICATE_METHOD_MATCH = YES;
				"CODE_SIGN_IDENTITY[sdk=iphoneos*]" = "iPhone Developer";
				COPY_PHASE_STRIP = YES;
				ENABLE_NS_ASSERTIONS = NO;
				ENABLE_STRICT_OBJC_MSGSEND = YES;
				GCC_C_LANGUAGE_STANDARD = gnu99;
				GCC_WARN_64_TO_32_BIT_CONVERSION = YES;
				GCC_WARN_ABOUT_RETURN_TYPE = YES_ERROR;
				GCC_WARN_UNDECLARED_SELECTOR = YES;
				GCC_WARN_UNINITIALIZED_AUTOS = YES_AGGRESSIVE;
				GCC_WARN_UNUSED_FUNCTION = YES;
				GCC_WARN_UNUSED_VARIABLE = YES;
				IPHONEOS_DEPLOYMENT_TARGET = 8.1;
				MTL_ENABLE_DEBUG_INFO = NO;
				SDKROOT = iphoneos;
				VALIDATE_PRODUCT = YES;
			};
			name = Release;
		};
		9C14B8321A37990000374DA8 /* Debug */ = {
			isa = XCBuildConfiguration;
			buildSettings = {
				ASSETCATALOG_COMPILER_APPICON_NAME = AppIcon;
				INFOPLIST_FILE = ImageGallery/Info.plist;
				LD_RUNPATH_SEARCH_PATHS = "$(inherited) @executable_path/Frameworks";
				PRODUCT_NAME = "$(TARGET_NAME)";
			};
			name = Debug;
		};
		9C14B8331A37990000374DA8 /* Release */ = {
			isa = XCBuildConfiguration;
			buildSettings = {
				ASSETCATALOG_COMPILER_APPICON_NAME = AppIcon;
				INFOPLIST_FILE = ImageGallery/Info.plist;
				LD_RUNPATH_SEARCH_PATHS = "$(inherited) @executable_path/Frameworks";
				PRODUCT_NAME = "$(TARGET_NAME)";
			};
			name = Release;
		};
/* End XCBuildConfiguration section */

/* Begin XCConfigurationList section */
		9C14B80B1A37990000374DA8 /* Build configuration list for PBXProject "ImageGallery" */ = {
			isa = XCConfigurationList;
			buildConfigurations = (
				9C14B82F1A37990000374DA8 /* Debug */,
				9C14B8301A37990000374DA8 /* Release */,
			);
			defaultConfigurationIsVisible = 0;
			defaultConfigurationName = Release;
		};
		9C14B8311A37990000374DA8 /* Build configuration list for PBXNativeTarget "ImageGallery" */ = {
			isa = XCConfigurationList;
			buildConfigurations = (
				9C14B8321A37990000374DA8 /* Debug */,
				9C14B8331A37990000374DA8 /* Release */,
			);
			defaultConfigurationIsVisible = 0;
			defaultConfigurationName = Release;
		};
/* End XCConfigurationList section */
	};
	rootObject = 9C14B8081A37990000374DA8 /* Project object */;
}
