// !$*UTF8*$!
{
	archiveVersion = 1;
	classes = {
	};
	objectVersion = 46;
	objects = {

/* Begin PBXBuildFile section */
		20061E7A1BB635A200DF173F /* AppDelegate.swift in Sources */ = {isa = PBXBuildFile; fileRef = 20061E791BB635A200DF173F /* AppDelegate.swift */; };
		20061E7C1BB635A200DF173F /* ViewController.swift in Sources */ = {isa = PBXBuildFile; fileRef = 20061E7B1BB635A200DF173F /* ViewController.swift */; };
		20061E7F1BB635A200DF173F /* Main.storyboard in Resources */ = {isa = PBXBuildFile; fileRef = 20061E7D1BB635A200DF173F /* Main.storyboard */; };
		20061E811BB635A200DF173F /* Assets.xcassets in Resources */ = {isa = PBXBuildFile; fileRef = 20061E801BB635A200DF173F /* Assets.xcassets */; };
		20061E841BB635A200DF173F /* LaunchScreen.storyboard in Resources */ = {isa = PBXBuildFile; fileRef = 20061E821BB635A200DF173F /* LaunchScreen.storyboard */; };
		20061E8F1BB635A200DF173F /* AnimationDemo4Tests.swift in Sources */ = {isa = PBXBuildFile; fileRef = 20061E8E1BB635A200DF173F /* AnimationDemo4Tests.swift */; };
		20061E9A1BB635A200DF173F /* AnimationDemo4UITests.swift in Sources */ = {isa = PBXBuildFile; fileRef = 20061E991BB635A200DF173F /* AnimationDemo4UITests.swift */; };
/* End PBXBuildFile section */

/* Begin PBXContainerItemProxy section */
		20061E8B1BB635A200DF173F /* PBXContainerItemProxy */ = {
			isa = PBXContainerItemProxy;
			containerPortal = 20061E6E1BB635A200DF173F /* Project object */;
			proxyType = 1;
			remoteGlobalIDString = 20061E751BB635A200DF173F;
			remoteInfo = AnimationDemo4;
		};
		20061E961BB635A200DF173F /* PBXContainerItemProxy */ = {
			isa = PBXContainerItemProxy;
			containerPortal = 20061E6E1BB635A200DF173F /* Project object */;
			proxyType = 1;
			remoteGlobalIDString = 20061E751BB635A200DF173F;
			remoteInfo = AnimationDemo4;
		};
/* End PBXContainerItemProxy section */

/* Begin PBXFileReference section */
		20061E761BB635A200DF173F /* AnimationDemo4.app */ = {isa = PBXFileReference; explicitFileType = wrapper.application; includeInIndex = 0; path = AnimationDemo4.app; sourceTree = BUILT_PRODUCTS_DIR; };
		20061E791BB635A200DF173F /* AppDelegate.swift */ = {isa = PBXFileReference; lastKnownFileType = sourcecode.swift; path = AppDelegate.swift; sourceTree = "<group>"; };
		20061E7B1BB635A200DF173F /* ViewController.swift */ = {isa = PBXFileReference; lastKnownFileType = sourcecode.swift; path = ViewController.swift; sourceTree = "<group>"; };
		20061E7E1BB635A200DF173F /* Base */ = {isa = PBXFileReference; lastKnownFileType = file.storyboard; name = Base; path = Base.lproj/Main.storyboard; sourceTree = "<group>"; };
		20061E801BB635A200DF173F /* Assets.xcassets */ = {isa = PBXFileReference; lastKnownFileType = folder.assetcatalog; path = Assets.xcassets; sourceTree = "<group>"; };
		20061E831BB635A200DF173F /* Base */ = {isa = PBXFileReference; lastKnownFileType = file.storyboard; name = Base; path = Base.lproj/LaunchScreen.storyboard; sourceTree = "<group>"; };
		20061E851BB635A200DF173F /* Info.plist */ = {isa = PBXFileReference; lastKnownFileType = text.plist.xml; path = Info.plist; sourceTree = "<group>"; };
		20061E8A1BB635A200DF173F /* AnimationDemo4Tests.xctest */ = {isa = PBXFileReference; explicitFileType = wrapper.cfbundle; includeInIndex = 0; path = AnimationDemo4Tests.xctest; sourceTree = BUILT_PRODUCTS_DIR; };
		20061E8E1BB635A200DF173F /* AnimationDemo4Tests.swift */ = {isa = PBXFileReference; lastKnownFileType = sourcecode.swift; path = AnimationDemo4Tests.swift; sourceTree = "<group>"; };
		20061E901BB635A200DF173F /* Info.plist */ = {isa = PBXFileReference; lastKnownFileType = text.plist.xml; path = Info.plist; sourceTree = "<group>"; };
		20061E951BB635A200DF173F /* AnimationDemo4UITests.xctest */ = {isa = PBXFileReference; explicitFileType = wrapper.cfbundle; includeInIndex = 0; path = AnimationDemo4UITests.xctest; sourceTree = BUILT_PRODUCTS_DIR; };
		20061E991BB635A200DF173F /* AnimationDemo4UITests.swift */ = {isa = PBXFileReference; lastKnownFileType = sourcecode.swift; path = AnimationDemo4UITests.swift; sourceTree = "<group>"; };
		20061E9B1BB635A200DF173F /* Info.plist */ = {isa = PBXFileReference; lastKnownFileType = text.plist.xml; path = Info.plist; sourceTree = "<group>"; };
/* End PBXFileReference section */

/* Begin PBXFrameworksBuildPhase section */
		20061E731BB635A200DF173F /* Frameworks */ = {
			isa = PBXFrameworksBuildPhase;
			buildActionMask = 2147483647;
			files = (
			);
			runOnlyForDeploymentPostprocessing = 0;
		};
		20061E871BB635A200DF173F /* Frameworks */ = {
			isa = PBXFrameworksBuildPhase;
			buildActionMask = 2147483647;
			files = (
			);
			runOnlyForDeploymentPostprocessing = 0;
		};
		20061E921BB635A200DF173F /* Frameworks */ = {
			isa = PBXFrameworksBuildPhase;
			buildActionMask = 2147483647;
			files = (
			);
			runOnlyForDeploymentPostprocessing = 0;
		};
/* End PBXFrameworksBuildPhase section */

/* Begin PBXGroup section */
		20061E6D1BB635A200DF173F = {
			isa = PBXGroup;
			children = (
				20061E781BB635A200DF173F /* AnimationDemo4 */,
				20061E8D1BB635A200DF173F /* AnimationDemo4Tests */,
				20061E981BB635A200DF173F /* AnimationDemo4UITests */,
				20061E771BB635A200DF173F /* Products */,
			);
			sourceTree = "<group>";
		};
		20061E771BB635A200DF173F /* Products */ = {
			isa = PBXGroup;
			children = (
				20061E761BB635A200DF173F /* AnimationDemo4.app */,
				20061E8A1BB635A200DF173F /* AnimationDemo4Tests.xctest */,
				20061E951BB635A200DF173F /* AnimationDemo4UITests.xctest */,
			);
			name = Products;
			sourceTree = "<group>";
		};
		20061E781BB635A200DF173F /* AnimationDemo4 */ = {
			isa = PBXGroup;
			children = (
				20061E791BB635A200DF173F /* AppDelegate.swift */,
				20061E7B1BB635A200DF173F /* ViewController.swift */,
				20061E7D1BB635A200DF173F /* Main.storyboard */,
				20061E801BB635A200DF173F /* Assets.xcassets */,
				20061E821BB635A200DF173F /* LaunchScreen.storyboard */,
				20061E851BB635A200DF173F /* Info.plist */,
			);
			path = AnimationDemo4;
			sourceTree = "<group>";
		};
		20061E8D1BB635A200DF173F /* AnimationDemo4Tests */ = {
			isa = PBXGroup;
			children = (
				20061E8E1BB635A200DF173F /* AnimationDemo4Tests.swift */,
				20061E901BB635A200DF173F /* Info.plist */,
			);
			path = AnimationDemo4Tests;
			sourceTree = "<group>";
		};
		20061E981BB635A200DF173F /* AnimationDemo4UITests */ = {
			isa = PBXGroup;
			children = (
				20061E991BB635A200DF173F /* AnimationDemo4UITests.swift */,
				20061E9B1BB635A200DF173F /* Info.plist */,
			);
			path = AnimationDemo4UITests;
			sourceTree = "<group>";
		};
/* End PBXGroup section */

/* Begin PBXNativeTarget section */
		20061E751BB635A200DF173F /* AnimationDemo4 */ = {
			isa = PBXNativeTarget;
			buildConfigurationList = 20061E9E1BB635A200DF173F /* Build configuration list for PBXNativeTarget "AnimationDemo4" */;
			buildPhases = (
				20061E721BB635A200DF173F /* Sources */,
				20061E731BB635A200DF173F /* Frameworks */,
				20061E741BB635A200DF173F /* Resources */,
			);
			buildRules = (
			);
			dependencies = (
			);
			name = AnimationDemo4;
			productName = AnimationDemo4;
			productReference = 20061E761BB635A200DF173F /* AnimationDemo4.app */;
			productType = "com.apple.product-type.application";
		};
		20061E891BB635A200DF173F /* AnimationDemo4Tests */ = {
			isa = PBXNativeTarget;
			buildConfigurationList = 20061EA11BB635A200DF173F /* Build configuration list for PBXNativeTarget "AnimationDemo4Tests" */;
			buildPhases = (
				20061E861BB635A200DF173F /* Sources */,
				20061E871BB635A200DF173F /* Frameworks */,
				20061E881BB635A200DF173F /* Resources */,
			);
			buildRules = (
			);
			dependencies = (
				20061E8C1BB635A200DF173F /* PBXTargetDependency */,
			);
			name = AnimationDemo4Tests;
			productName = AnimationDemo4Tests;
			productReference = 20061E8A1BB635A200DF173F /* AnimationDemo4Tests.xctest */;
			productType = "com.apple.product-type.bundle.unit-test";
		};
		20061E941BB635A200DF173F /* AnimationDemo4UITests */ = {
			isa = PBXNativeTarget;
			buildConfigurationList = 20061EA41BB635A200DF173F /* Build configuration list for PBXNativeTarget "AnimationDemo4UITests" */;
			buildPhases = (
				20061E911BB635A200DF173F /* Sources */,
				20061E921BB635A200DF173F /* Frameworks */,
				20061E931BB635A200DF173F /* Resources */,
			);
			buildRules = (
			);
			dependencies = (
				20061E971BB635A200DF173F /* PBXTargetDependency */,
			);
			name = AnimationDemo4UITests;
			productName = AnimationDemo4UITests;
			productReference = 20061E951BB635A200DF173F /* AnimationDemo4UITests.xctest */;
			productType = "com.apple.product-type.bundle.ui-testing";
		};
/* End PBXNativeTarget section */

/* Begin PBXProject section */
		20061E6E1BB635A200DF173F /* Project object */ = {
			isa = PBXProject;
			attributes = {
				LastUpgradeCheck = 0700;
				ORGANIZATIONNAME = duzhe;
				TargetAttributes = {
					20061E751BB635A200DF173F = {
						CreatedOnToolsVersion = 7.0;
						DevelopmentTeam = ZNRTL68XQ3;
					};
					20061E891BB635A200DF173F = {
						CreatedOnToolsVersion = 7.0;
						DevelopmentTeam = ZNRTL68XQ3;
						TestTargetID = 20061E751BB635A200DF173F;
					};
					20061E941BB635A200DF173F = {
						CreatedOnToolsVersion = 7.0;
						DevelopmentTeam = ZNRTL68XQ3;
						TestTargetID = 20061E751BB635A200DF173F;
					};
				};
			};
			buildConfigurationList = 20061E711BB635A200DF173F /* Build configuration list for PBXProject "AnimationDemo4" */;
			compatibilityVersion = "Xcode 3.2";
			developmentRegion = English;
			hasScannedForEncodings = 0;
			knownRegions = (
				en,
				Base,
			);
			mainGroup = 20061E6D1BB635A200DF173F;
			productRefGroup = 20061E771BB635A200DF173F /* Products */;
			projectDirPath = "";
			projectRoot = "";
			targets = (
				20061E751BB635A200DF173F /* AnimationDemo4 */,
				20061E891BB635A200DF173F /* AnimationDemo4Tests */,
				20061E941BB635A200DF173F /* AnimationDemo4UITests */,
			);
		};
/* End PBXProject section */

/* Begin PBXResourcesBuildPhase section */
		20061E741BB635A200DF173F /* Resources */ = {
			isa = PBXResourcesBuildPhase;
			buildActionMask = 2147483647;
			files = (
				20061E841BB635A200DF173F /* LaunchScreen.storyboard in Resources */,
				20061E811BB635A200DF173F /* Assets.xcassets in Resources */,
				20061E7F1BB635A200DF173F /* Main.storyboard in Resources */,
			);
			runOnlyForDeploymentPostprocessing = 0;
		};
		20061E881BB635A200DF173F /* Resources */ = {
			isa = PBXResourcesBuildPhase;
			buildActionMask = 2147483647;
			files = (
			);
			runOnlyForDeploymentPostprocessing = 0;
		};
		20061E931BB635A200DF173F /* Resources */ = {
			isa = PBXResourcesBuildPhase;
			buildActionMask = 2147483647;
			files = (
			);
			runOnlyForDeploymentPostprocessing = 0;
		};
/* End PBXResourcesBuildPhase section */

/* Begin PBXSourcesBuildPhase section */
		20061E721BB635A200DF173F /* Sources */ = {
			isa = PBXSourcesBuildPhase;
			buildActionMask = 2147483647;
			files = (
				20061E7C1BB635A200DF173F /* ViewController.swift in Sources */,
				20061E7A1BB635A200DF173F /* AppDelegate.swift in Sources */,
			);
			runOnlyForDeploymentPostprocessing = 0;
		};
		20061E861BB635A200DF173F /* Sources */ = {
			isa = PBXSourcesBuildPhase;
			buildActionMask = 2147483647;
			files = (
				20061E8F1BB635A200DF173F /* AnimationDemo4Tests.swift in Sources */,
			);
			runOnlyForDeploymentPostprocessing = 0;
		};
		20061E911BB635A200DF173F /* Sources */ = {
			isa = PBXSourcesBuildPhase;
			buildActionMask = 2147483647;
			files = (
				20061E9A1BB635A200DF173F /* AnimationDemo4UITests.swift in Sources */,
			);
			runOnlyForDeploymentPostprocessing = 0;
		};
/* End PBXSourcesBuildPhase section */

/* Begin PBXTargetDependency section */
		20061E8C1BB635A200DF173F /* PBXTargetDependency */ = {
			isa = PBXTargetDependency;
			target = 20061E751BB635A200DF173F /* AnimationDemo4 */;
			targetProxy = 20061E8B1BB635A200DF173F /* PBXContainerItemProxy */;
		};
		20061E971BB635A200DF173F /* PBXTargetDependency */ = {
			isa = PBXTargetDependency;
			target = 20061E751BB635A200DF173F /* AnimationDemo4 */;
			targetProxy = 20061E961BB635A200DF173F /* PBXContainerItemProxy */;
		};
/* End PBXTargetDependency section */

/* Begin PBXVariantGroup section */
		20061E7D1BB635A200DF173F /* Main.storyboard */ = {
			isa = PBXVariantGroup;
			children = (
				20061E7E1BB635A200DF173F /* Base */,
			);
			name = Main.storyboard;
			sourceTree = "<group>";
		};
		20061E821BB635A200DF173F /* LaunchScreen.storyboard */ = {
			isa = PBXVariantGroup;
			children = (
				20061E831BB635A200DF173F /* Base */,
			);
			name = LaunchScreen.storyboard;
			sourceTree = "<group>";
		};
/* End PBXVariantGroup section */

/* Begin XCBuildConfiguration section */
		20061E9C1BB635A200DF173F /* Debug */ = {
			isa = XCBuildConfiguration;
			buildSettings = {
				ALWAYS_SEARCH_USER_PATHS = NO;
				CLANG_CXX_LANGUAGE_STANDARD = "gnu++0x";
				CLANG_CXX_LIBRARY = "libc++";
				CLANG_ENABLE_MODULES = YES;
				CLANG_ENABLE_OBJC_ARC = YES;
				CLANG_WARN_BOOL_CONVERSION = YES;
				CLANG_WARN_CONSTANT_CONVERSION = YES;
				CLANG_WARN_DIRECT_OBJC_ISA_USAGE = YES_ERROR;
				CLANG_WARN_EMPTY_BODY = YES;
				CLANG_WARN_ENUM_CONVERSION = YES;
				CLANG_WARN_INT_CONVERSION = YES;
				CLANG_WARN_OBJC_ROOT_CLASS = YES_ERROR;
				CLANG_WARN_UNREACHABLE_CODE = YES;
				CLANG_WARN__DUPLICATE_METHOD_MATCH = YES;
				"CODE_SIGN_IDENTITY[sdk=iphoneos*]" = "iPhone Developer";
				COPY_PHASE_STRIP = NO;
				DEBUG_INFORMATION_FORMAT = dwarf;
				ENABLE_STRICT_OBJC_MSGSEND = YES;
				ENABLE_TESTABILITY = YES;
				GCC_C_LANGUAGE_STANDARD = gnu99;
				GCC_DYNAMIC_NO_PIC = NO;
				GCC_NO_COMMON_BLOCKS = YES;
				GCC_OPTIMIZATION_LEVEL = 0;
				GCC_PREPROCESSOR_DEFINITIONS = (
					"DEBUG=1",
					"$(inherited)",
				);
				GCC_WARN_64_TO_32_BIT_CONVERSION = YES;
				GCC_WARN_ABOUT_RETURN_TYPE = YES_ERROR;
				GCC_WARN_UNDECLARED_SELECTOR = YES;
				GCC_WARN_UNINITIALIZED_AUTOS = YES_AGGRESSIVE;
				GCC_WARN_UNUSED_FUNCTION = YES;
				GCC_WARN_UNUSED_VARIABLE = YES;
				IPHONEOS_DEPLOYMENT_TARGET = 9.0;
				MTL_ENABLE_DEBUG_INFO = YES;
				ONLY_ACTIVE_ARCH = YES;
				SDKROOT = iphoneos;
				SWIFT_OPTIMIZATION_LEVEL = "-Onone";
			};
			name = Debug;
		};
		20061E9D1BB635A200DF173F /* Release */ = {
			isa = XCBuildConfiguration;
			buildSettings = {
				ALWAYS_SEARCH_USER_PATHS = NO;
				CLANG_CXX_LANGUAGE_STANDARD = "gnu++0x";
				CLANG_CXX_LIBRARY = "libc++";
				CLANG_ENABLE_MODULES = YES;
				CLANG_ENABLE_OBJC_ARC = YES;
				CLANG_WARN_BOOL_CONVERSION = YES;
				CLANG_WARN_CONSTANT_CONVERSION = YES;
				CLANG_WARN_DIRECT_OBJC_ISA_USAGE = YES_ERROR;
				CLANG_WARN_EMPTY_BODY = YES;
				CLANG_WARN_ENUM_CONVERSION = YES;
				CLANG_WARN_INT_CONVERSION = YES;
				CLANG_WARN_OBJC_ROOT_CLASS = YES_ERROR;
				CLANG_WARN_UNREACHABLE_CODE = YES;
				CLANG_WARN__DUPLICATE_METHOD_MATCH = YES;
				"CODE_SIGN_IDENTITY[sdk=iphoneos*]" = "iPhone Developer";
				COPY_PHASE_STRIP = NO;
				DEBUG_INFORMATION_FORMAT = "dwarf-with-dsym";
				ENABLE_NS_ASSERTIONS = NO;
				ENABLE_STRICT_OBJC_MSGSEND = YES;
				GCC_C_LANGUAGE_STANDARD = gnu99;
				GCC_NO_COMMON_BLOCKS = YES;
				GCC_WARN_64_TO_32_BIT_CONVERSION = YES;
				GCC_WARN_ABOUT_RETURN_TYPE = YES_ERROR;
				GCC_WARN_UNDECLARED_SELECTOR = YES;
				GCC_WARN_UNINITIALIZED_AUTOS = YES_AGGRESSIVE;
				GCC_WARN_UNUSED_FUNCTION = YES;
				GCC_WARN_UNUSED_VARIABLE = YES;
				IPHONEOS_DEPLOYMENT_TARGET = 9.0;
				MTL_ENABLE_DEBUG_INFO = NO;
				SDKROOT = iphoneos;
				VALIDATE_PRODUCT = YES;
			};
			name = Release;
		};
		20061E9F1BB635A200DF173F /* Debug */ = {
			isa = XCBuildConfiguration;
			buildSettings = {
				ASSETCATALOG_COMPILER_APPICON_NAME = AppIcon;
				INFOPLIST_FILE = AnimationDemo4/Info.plist;
				LD_RUNPATH_SEARCH_PATHS = "$(inherited) @executable_path/Frameworks";
				PRODUCT_BUNDLE_IDENTIFIER = dz.org.AnimationDemo4;
				PRODUCT_NAME = "$(TARGET_NAME)";
			};
			name = Debug;
		};
		20061EA01BB635A200DF173F /* Release */ = {
			isa = XCBuildConfiguration;
			buildSettings = {
				ASSETCATALOG_COMPILER_APPICON_NAME = AppIcon;
				INFOPLIST_FILE = AnimationDemo4/Info.plist;
				LD_RUNPATH_SEARCH_PATHS = "$(inherited) @executable_path/Frameworks";
				PRODUCT_BUNDLE_IDENTIFIER = dz.org.AnimationDemo4;
				PRODUCT_NAME = "$(TARGET_NAME)";
			};
			name = Release;
		};
		20061EA21BB635A200DF173F /* Debug */ = {
			isa = XCBuildConfiguration;
			buildSettings = {
				BUNDLE_LOADER = "$(TEST_HOST)";
				INFOPLIST_FILE = AnimationDemo4Tests/Info.plist;
				LD_RUNPATH_SEARCH_PATHS = "$(inherited) @executable_path/Frameworks @loader_path/Frameworks";
				PRODUCT_BUNDLE_IDENTIFIER = dz.org.AnimationDemo4Tests;
				PRODUCT_NAME = "$(TARGET_NAME)";
				TEST_HOST = "$(BUILT_PRODUCTS_DIR)/AnimationDemo4.app/AnimationDemo4";
			};
			name = Debug;
		};
		20061EA31BB635A200DF173F /* Release */ = {
			isa = XCBuildConfiguration;
			buildSettings = {
				BUNDLE_LOADER = "$(TEST_HOST)";
				INFOPLIST_FILE = AnimationDemo4Tests/Info.plist;
				LD_RUNPATH_SEARCH_PATHS = "$(inherited) @executable_path/Frameworks @loader_path/Frameworks";
				PRODUCT_BUNDLE_IDENTIFIER = dz.org.AnimationDemo4Tests;
				PRODUCT_NAME = "$(TARGET_NAME)";
				TEST_HOST = "$(BUILT_PRODUCTS_DIR)/AnimationDemo4.app/AnimationDemo4";
			};
			name = Release;
		};
		20061EA51BB635A200DF173F /* Debug */ = {
			isa = XCBuildConfiguration;
			buildSettings = {
				INFOPLIST_FILE = AnimationDemo4UITests/Info.plist;
				LD_RUNPATH_SEARCH_PATHS = "$(inherited) @executable_path/Frameworks @loader_path/Frameworks";
				PRODUCT_BUNDLE_IDENTIFIER = dz.org.AnimationDemo4UITests;
				PRODUCT_NAME = "$(TARGET_NAME)";
				TEST_TARGET_NAME = AnimationDemo4;
				USES_XCTRUNNER = YES;
			};
			name = Debug;
		};
		20061EA61BB635A200DF173F /* Release */ = {
			isa = XCBuildConfiguration;
			buildSettings = {
				INFOPLIST_FILE = AnimationDemo4UITests/Info.plist;
				LD_RUNPATH_SEARCH_PATHS = "$(inherited) @executable_path/Frameworks @loader_path/Frameworks";
				PRODUCT_BUNDLE_IDENTIFIER = dz.org.AnimationDemo4UITests;
				PRODUCT_NAME = "$(TARGET_NAME)";
				TEST_TARGET_NAME = AnimationDemo4;
				USES_XCTRUNNER = YES;
			};
			name = Release;
		};
/* End XCBuildConfiguration section */

/* Begin XCConfigurationList section */
		20061E711BB635A200DF173F /* Build configuration list for PBXProject "AnimationDemo4" */ = {
			isa = XCConfigurationList;
			buildConfigurations = (
				20061E9C1BB635A200DF173F /* Debug */,
				20061E9D1BB635A200DF173F /* Release */,
			);
			defaultConfigurationIsVisible = 0;
			defaultConfigurationName = Release;
		};
		20061E9E1BB635A200DF173F /* Build configuration list for PBXNativeTarget "AnimationDemo4" */ = {
			isa = XCConfigurationList;
			buildConfigurations = (
				20061E9F1BB635A200DF173F /* Debug */,
				20061EA01BB635A200DF173F /* Release */,
			);
			defaultConfigurationIsVisible = 0;
		};
		20061EA11BB635A200DF173F /* Build configuration list for PBXNativeTarget "AnimationDemo4Tests" */ = {
			isa = XCConfigurationList;
			buildConfigurations = (
				20061EA21BB635A200DF173F /* Debug */,
				20061EA31BB635A200DF173F /* Release */,
			);
			defaultConfigurationIsVisible = 0;
		};
		20061EA41BB635A200DF173F /* Build configuration list for PBXNativeTarget "AnimationDemo4UITests" */ = {
			isa = XCConfigurationList;
			buildConfigurations = (
				20061EA51BB635A200DF173F /* Debug */,
				20061EA61BB635A200DF173F /* Release */,
			);
			defaultConfigurationIsVisible = 0;
		};
/* End XCConfigurationList section */
	};
	rootObject = 20061E6E1BB635A200DF173F /* Project object */;
}
